
Microsoft Visual Studio Solution File, Format Version 12.00
# Visual Studio Version 17
VisualStudioVersion = 17.6.33723.286
MinimumVisualStudioVersion = 10.0.40219.1
Project("{FAE04EC0-301F-11D3-BF4B-00C04F79EFBC}") = "AbbyWeb", "AbbyWeb\AbbyWeb.csproj", "{726864E7-54B7-4C2D-BA73-C5AEF50B9BFC}"
EndProject
Global
	GlobalSection(SolutionConfigurationPlatforms) = preSolution
		Debug|Any CPU = Debug|Any CPU
		Release|Any CPU = Release|Any CPU
	EndGlobalSection
	GlobalSection(ProjectConfigurationPlatforms) = postSolution
		{726864E7-54B7-4C2D-BA73-C5AEF50B9BFC}.Debug|Any CPU.ActiveCfg = Debug|Any CPU
		{726864E7-54B7-4C2D-BA73-C5AEF50B9BFC}.Debug|Any CPU.Build.0 = Debug|Any CPU
		{726864E7-54B7-4C2D-BA73-C5AEF50B9BFC}.Release|Any CPU.ActiveCfg = Release|Any CPU
		{726864E7-54B7-4C2D-BA73-C5AEF50B9BFC}.Release|Any CPU.Build.0 = Release|Any CPU
	EndGlobalSection
	GlobalSection(SolutionProperties) = preSolution
		HideSolutionNode = FALSE
	EndGlobalSection
	GlobalSection(ExtensibilityGlobals) = postSolution
		SolutionGuid = {8E7C5FCE-0F66-40C6-AD70-FEE77AF47846}
	EndGlobalSection
EndGlobal
